
Microsoft Visual Studio Solution File, Format Version 12.00
# Visual Studio Version 16
VisualStudioVersion = 16.0.810.14
MinimumVisualStudioVersion = 10.0.40219.1
Project("{FAE04EC0-301F-11D3-BF4B-00C04F79EFBC}") = "PokemonFireRedClone", "PokemonFireRedClone\PokemonFireRedClone.csproj", "{ACEDFFBE-F57B-4C00-B9E8-AF51A17B28EA}"
EndProject
Global
	GlobalSection(SolutionConfigurationPlatforms) = preSolution
		Debug|Any CPU = Debug|Any CPU
		Release|Any CPU = Release|Any CPU
	EndGlobalSection
	GlobalSection(ProjectConfigurationPlatforms) = postSolution
		{ACEDFFBE-F57B-4C00-B9E8-AF51A17B28EA}.Debug|Any CPU.ActiveCfg = Debug|Any CPU
		{ACEDFFBE-F57B-4C00-B9E8-AF51A17B28EA}.Debug|Any CPU.Build.0 = Debug|Any CPU
		{ACEDFFBE-F57B-4C00-B9E8-AF51A17B28EA}.Release|Any CPU.ActiveCfg = Release|Any CPU
		{ACEDFFBE-F57B-4C00-B9E8-AF51A17B28EA}.Release|Any CPU.Build.0 = Release|Any CPU
	EndGlobalSection
	GlobalSection(SolutionProperties) = preSolution
		HideSolutionNode = FALSE
	EndGlobalSection
	GlobalSection(ExtensibilityGlobals) = postSolution
		SolutionGuid = {1847048E-F877-4B1F-9888-B425D6903A4D}
	EndGlobalSection
EndGlobal
